
Microsoft Visual Studio Solution File, Format Version 12.00
# Visual Studio Version 17
VisualStudioVersion = 17.9.34728.123
MinimumVisualStudioVersion = 10.0.40219.1
Project("{FAE04EC0-301F-11D3-BF4B-00C04F79EFBC}") = "ISTCOSA", "ISTCOSA\ISTCOSA.csproj", "{4AC2DA93-8A0C-412F-B283-907B7F9D68C6}"
EndProject
Project("{FAE04EC0-301F-11D3-BF4B-00C04F79EFBC}") = "ISTCOSA.Domain", "ISTCOSA.Domain\ISTCOSA.Domain.csproj", "{7B5E2329-361A-4FC3-B04E-EE052879EC55}"
EndProject
Project("{FAE04EC0-301F-11D3-BF4B-00C04F79EFBC}") = "ISTCOSA.Application", "ISTCOSA.Application\ISTCOSA.Application.csproj", "{277146EA-4FE1-4B8A-9637-FA1287F3D16E}"
EndProject
Project("{FAE04EC0-301F-11D3-BF4B-00C04F79EFBC}") = "ISTCOSA.Infrastructure", "ISTCOSA.Infrastructure\ISTCOSA.Infrastructure.csproj", "{33D9BF8A-B9FE-4EA5-825A-12CA02C9FEB5}"
EndProject
Global
	GlobalSection(SolutionConfigurationPlatforms) = preSolution
		Debug|Any CPU = Debug|Any CPU
		Release|Any CPU = Release|Any CPU
	EndGlobalSection
	GlobalSection(ProjectConfigurationPlatforms) = postSolution
		{4AC2DA93-8A0C-412F-B283-907B7F9D68C6}.Debug|Any CPU.ActiveCfg = Debug|Any CPU
		{4AC2DA93-8A0C-412F-B283-907B7F9D68C6}.Debug|Any CPU.Build.0 = Debug|Any CPU
		{4AC2DA93-8A0C-412F-B283-907B7F9D68C6}.Release|Any CPU.ActiveCfg = Release|Any CPU
		{4AC2DA93-8A0C-412F-B283-907B7F9D68C6}.Release|Any CPU.Build.0 = Release|Any CPU
		{7B5E2329-361A-4FC3-B04E-EE052879EC55}.Debug|Any CPU.ActiveCfg = Debug|Any CPU
		{7B5E2329-361A-4FC3-B04E-EE052879EC55}.Debug|Any CPU.Build.0 = Debug|Any CPU
		{7B5E2329-361A-4FC3-B04E-EE052879EC55}.Release|Any CPU.ActiveCfg = Release|Any CPU
		{7B5E2329-361A-4FC3-B04E-EE052879EC55}.Release|Any CPU.Build.0 = Release|Any CPU
		{277146EA-4FE1-4B8A-9637-FA1287F3D16E}.Debug|Any CPU.ActiveCfg = Debug|Any CPU
		{277146EA-4FE1-4B8A-9637-FA1287F3D16E}.Debug|Any CPU.Build.0 = Debug|Any CPU
		{277146EA-4FE1-4B8A-9637-FA1287F3D16E}.Release|Any CPU.ActiveCfg = Release|Any CPU
		{277146EA-4FE1-4B8A-9637-FA1287F3D16E}.Release|Any CPU.Build.0 = Release|Any CPU
		{33D9BF8A-B9FE-4EA5-825A-12CA02C9FEB5}.Debug|Any CPU.ActiveCfg = Debug|Any CPU
		{33D9BF8A-B9FE-4EA5-825A-12CA02C9FEB5}.Debug|Any CPU.Build.0 = Debug|Any CPU
		{33D9BF8A-B9FE-4EA5-825A-12CA02C9FEB5}.Release|Any CPU.ActiveCfg = Release|Any CPU
		{33D9BF8A-B9FE-4EA5-825A-12CA02C9FEB5}.Release|Any CPU.Build.0 = Release|Any CPU
	EndGlobalSection
	GlobalSection(SolutionProperties) = preSolution
		HideSolutionNode = FALSE
	EndGlobalSection
	GlobalSection(ExtensibilityGlobals) = postSolution
		SolutionGuid = {145FD639-CCAF-4C9B-9737-15D11380E986}
	EndGlobalSection
EndGlobal
